hash: 3e83351f3adf3a639dd5ce42d540bb8d0ef23c0a5f8fd6db44489a848bf32ef9
updated: 2017-09-11T13:32:13.533941323+02:00
imports:
- name: github.com/gorilla/context
  version: 08b5f424b9271eedf6f9f0ce86cb9396ed337a42
- name: github.com/gorilla/mux
  version: bcd8bc72b08df0f70df986b97f95590779502d31
- name: github.com/gorilla/websocket
  version: ea4d1f681babbce9545c9c5f3d5194a789c89f5b
- name: github.com/inconshreveable/mousetrap
  version: 76626ae9c91c4f2a10f34cad8ce83ea42c93bb75
- name: github.com/longsleep/go-metrics
  version: c1943bcf904753d1e15df1aece374004792c2ac5
  subpackages:
  - loggedwriter
  - timing
- name: github.com/orcaman/concurrent-map
  version: 2ae17bc4c860c83513ee50feb9746f3e50d7515d
- name: github.com/rs/cors
  version: 7af7a1e09ba336d2ea14b1ce73bf693c6837dbf6
- name: github.com/sirupsen/logrus
  version: 202f25545ea4cf9b191ff7f846df5d87c9382c2b
- name: github.com/spf13/cobra
  version: 99b5d838ca16c25cc4944e323684f8415e8b10ba
- name: github.com/spf13/pflag
  version: e57e3eeb33f795204c1ca35f56c44f83227c6e66
- name: golang.org/x/sys
  version: 833a04a10549a95dc34458c195cbad61bbb6cb4d
  subpackages:
  - unix
- name: stash.kopano.io/kgol/rndm
  version: 69ff9c69d5ce12d2fb19a552eab58ad657a5e8b2
testImports: []
