hash: f02a8c4e8f76b3a127cfc3a96e8fb882329529db9ec2186c8c7a79e354f8e370
updated: 2018-09-21T20:09:27.733174405+02:00
imports:
- name: github.com/dgrijalva/jwt-go
  version: d2709f9f1f31ebcda9651b03077758c1f3a0018c
- name: github.com/gorilla/context
  version: 08b5f424b9271eedf6f9f0ce86cb9396ed337a42
- name: github.com/gorilla/mux
  version: bcd8bc72b08df0f70df986b97f95590779502d31
- name: github.com/gorilla/websocket
  version: ea4d1f681babbce9545c9c5f3d5194a789c89f5b
- name: github.com/inconshreveable/mousetrap
  version: 76626ae9c91c4f2a10f34cad8ce83ea42c93bb75
- name: github.com/longsleep/go-metrics
  version: c1943bcf904753d1e15df1aece374004792c2ac5
  subpackages:
  - loggedwriter
  - timing
- name: github.com/orcaman/concurrent-map
  version: 2ae17bc4c860c83513ee50feb9746f3e50d7515d
- name: github.com/rs/cors
  version: 7af7a1e09ba336d2ea14b1ce73bf693c6837dbf6
- name: github.com/sirupsen/logrus
  version: 202f25545ea4cf9b191ff7f846df5d87c9382c2b
- name: github.com/spf13/cobra
  version: 7b2c5ac9fc04fc5efafb60700713d4fa609b777b
- name: github.com/spf13/pflag
  version: 9a97c102cda95a86cec2345a6f09f55a939babf5
- name: golang.org/x/crypto
  version: 2faea1465de239e4babd8f5905cc25b781712442
  subpackages:
  - ed25519
  - ed25519/internal/edwards25519
  - pbkdf2
- name: golang.org/x/sys
  version: 14742f9018cd6651ec7364dc6ee08af0baaa1031
  subpackages:
  - unix
- name: gopkg.in/square/go-jose.v2
  version: 8254d6c783765f38c8675fae4427a1fe73fbd09d
  subpackages:
  - cipher
  - json
- name: stash.kopano.io/kc/libkcoidc
  version: 36bf351b5b11444dc6a6a46d341575e08775be1a
- name: stash.kopano.io/kgol/rndm
  version: 69ff9c69d5ce12d2fb19a552eab58ad657a5e8b2
testImports: []
