# This file is autogenerated, do not edit; changes may be undone by the next 'dep ensure'.


[[projects]]
  digest = "1:ddaeea4ba16546053455f7139c27b9efe16a6a739353043cc2af76a9437d73b2"
  name = "github.com/Pallinder/go-randomdata"
  packages = ["."]
  pruneopts = "UT"
  revision = "97a2356fcab20708fb8ae46cbbf69a5bc9feca63"
  version = "v1.1.0"

[[projects]]
  branch = "master"
  digest = "1:a4b30dab05a035c96618400af0b15e1896e37f213a925735faa1455a5f49ace1"
  name = "github.com/desertbit/timer"
  packages = ["."]
  pruneopts = "UT"
  revision = "c41aec40b27f0eeb2b94300fffcd624c69b02990"

[[projects]]
  digest = "1:217f778e19b8d206112c21d21a7cc72ca3cb493b67631680a2324bc50335d432"
  name = "github.com/dgrijalva/jwt-go"
  packages = ["."]
  pruneopts = "UT"
  revision = "dbeaa9332f19a944acb5736b4456cfcc02140e29"
  version = "v3.1.0"

[[projects]]
  digest = "1:ca59b1175189b3f0e9f1793d2c350114be36eaabbe5b9f554b35edee1de50aea"
  name = "github.com/gorilla/mux"
  packages = ["."]
  pruneopts = "UT"
  revision = "a7962380ca08b5a188038c69871b8d3fbdf31e89"
  version = "v1.7.0"

[[projects]]
  digest = "1:7b5c6e2eeaa9ae5907c391a91c132abfd5c9e8a784a341b5625e750c67e6825d"
  name = "github.com/gorilla/websocket"
  packages = ["."]
  pruneopts = "UT"
  revision = "66b9c49e59c6c48f0ffce28c2d8b8a5678502c6d"
  version = "v1.4.0"

[[projects]]
  digest = "1:870d441fe217b8e689d7949fef6e43efbc787e50f200cb1e70dbca9204a1d6be"
  name = "github.com/inconshreveable/mousetrap"
  packages = ["."]
  pruneopts = "UT"
  revision = "76626ae9c91c4f2a10f34cad8ce83ea42c93bb75"
  version = "v1.0"

[[projects]]
  digest = "1:e30ac47ee84d7d354e0a284cf742e3015400667e90aa3d6ae99c7a55da67c645"
  name = "github.com/kennygrant/sanitize"
  packages = ["."]
  pruneopts = "UT"
  revision = "06ec0d0dbcd497d01e5189b16f5263f712e61a8e"
  version = "v1.2.4"

[[projects]]
  digest = "1:0a69a1c0db3591fcefb47f115b224592c8dfa4368b7ba9fae509d5e16cdc95c8"
  name = "github.com/konsorten/go-windows-terminal-sequences"
  packages = ["."]
  pruneopts = "UT"
  revision = "5c8c8bd35d3832f5d134ae1e1e375b69a4d25242"
  version = "v1.0.1"

[[projects]]
  branch = "master"
  digest = "1:622f0825ed1efb077f6a1568588b6bd46986a8213318f08402f5de12ed122df0"
  name = "github.com/longsleep/go-metrics"
  packages = [
    "loggedwriter",
    "timing",
  ]
  pruneopts = "UT"
  revision = "900f92a5ad22829d0885ca905f1fb843a72caf06"

[[projects]]
  branch = "master"
  digest = "1:bad8c08367e93a0a30d1090ac9bc98e7157df162d21b638cc72d28d331806f8c"
  name = "github.com/mendsley/gojwk"
  packages = ["."]
  pruneopts = "UT"
  revision = "4d5ec6e58103388d6cb0d7d72bc72649be4f0504"

[[projects]]
  branch = "master"
  digest = "1:0fabc073fb52287e01405bd06fe721b968970fc0f6c88714a070afb2097e552a"
  name = "github.com/orcaman/concurrent-map"
  packages = ["."]
  pruneopts = "UT"
  revision = "7ed82d9cb71768a4e3656ee8837c7af568c75459"

[[projects]]
  branch = "master"
  digest = "1:bd9efe4e0b0f768302a1e2f0c22458149278de533e521206e5ddc71848c269a0"
  name = "github.com/pquerna/cachecontrol"
  packages = [
    ".",
    "cacheobject",
  ]
  pruneopts = "UT"
  revision = "1555304b9b35fdd2b425bccf1a5613677705e7d0"

[[projects]]
  digest = "1:b0c25f00bad20d783d259af2af8666969e2fc343fa0dc9efe52936bbd67fb758"
  name = "github.com/rs/cors"
  packages = ["."]
  pruneopts = "UT"
  revision = "9a47f48565a795472d43519dd49aac781f3034fb"
  version = "v1.6.0"

[[projects]]
  digest = "1:87c2e02fb01c27060ccc5ba7c5a407cc91147726f8f40b70cceeedbc52b1f3a8"
  name = "github.com/sirupsen/logrus"
  packages = ["."]
  pruneopts = "UT"
  revision = "e1e72e9de974bd926e5c56f83753fba2df402ce5"
  version = "v1.3.0"

[[projects]]
  digest = "1:645cabccbb4fa8aab25a956cbcbdf6a6845ca736b2c64e197ca7cbb9d210b939"
  name = "github.com/spf13/cobra"
  packages = ["."]
  pruneopts = "UT"
  revision = "ef82de70bb3f60c65fb8eebacbb2d122ef517385"
  version = "v0.0.3"

[[projects]]
  digest = "1:c1b1102241e7f645bc8e0c22ae352e8f0dc6484b6cb4d132fa9f24174e0119e2"
  name = "github.com/spf13/pflag"
  packages = ["."]
  pruneopts = "UT"
  revision = "298182f68c66c05229eb03ac171abe6e309ee79a"
  version = "v1.0.3"

[[projects]]
  branch = "master"
  digest = "1:fb961be99914b3b93d599cabeaec91736f662e3f706b894668fcd23c0d9aafd7"
  name = "golang.org/x/crypto"
  packages = [
    "ed25519",
    "ed25519/internal/edwards25519",
    "pbkdf2",
    "ssh/terminal",
  ]
  pruneopts = "UT"
  revision = "b8fe1690c61389d7d2a8074a507d1d40c5d30448"

[[projects]]
  branch = "master"
  digest = "1:1235bd185006c1bbdc4292ec1942974469ba1a37ab6bbb73850d75b2bd952efc"
  name = "golang.org/x/net"
  packages = [
    "html",
    "html/atom",
  ]
  pruneopts = "UT"
  revision = "d26f9f9a57f3fab6a695bec0d84433c2c50f8bbf"

[[projects]]
  branch = "master"
  digest = "1:a1914323eabb0da3b4392fb0d34b1ae5b6b531323daf4eeddc355d8000982052"
  name = "golang.org/x/sys"
  packages = [
    "unix",
    "windows",
  ]
  pruneopts = "UT"
  revision = "41f3e6584952bb034a481797859f6ab34b6803bd"

[[projects]]
  digest = "1:377f8ccfbf9d7ff3997ea7454b894de46cd1d9fe6ec1e724c93ad59eb716c5c0"
  name = "gopkg.in/square/go-jose.v2"
  packages = [
    ".",
    "cipher",
    "json",
  ]
  pruneopts = "UT"
  revision = "e94fb177d3668d35ab39c61cbb2f311550557e83"
  version = "v2.2.2"

[[projects]]
  digest = "1:4d2e5a73dc1500038e504a8d78b986630e3626dc027bc030ba5c75da257cdb96"
  name = "gopkg.in/yaml.v2"
  packages = ["."]
  pruneopts = "UT"
  revision = "51d6538a90f86fe93ac480b35f37b2be17fef232"
  version = "v2.2.2"

[[projects]]
  digest = "1:9d8f2e02cd192f5e4607adba07356c16821487d51709f0beb9aaf3cef7cec494"
  name = "stash.kopano.io/kc/libkcoidc"
  packages = ["."]
  pruneopts = "UT"
  revision = "110d66f85c102fbaf54b4550fc0791a274b2bcf2"
  version = "v0.6.0"

[[projects]]
  digest = "1:05c67dc6aab8d89af757f205480b320b4ffe60f176ba6f5b8908bbfd3bf69cd0"
  name = "stash.kopano.io/kgol/oidc-go"
  packages = ["."]
  pruneopts = "UT"
  revision = "0f3bf16d2ef6d2c4b66bcac7a9c17ed29cc574cf"
  version = "v0.1.0"

[[projects]]
  digest = "1:e004a22416b1063c30360a2a91beadb538fa8c103362e6c653aaa1de4d6bbb5e"
  name = "stash.kopano.io/kgol/rndm"
  packages = ["."]
  pruneopts = "UT"
  revision = "69ff9c69d5ce12d2fb19a552eab58ad657a5e8b2"
  version = "v1.0.0"

[solve-meta]
  analyzer-name = "dep"
  analyzer-version = 1
  input-imports = [
    "github.com/Pallinder/go-randomdata",
    "github.com/dgrijalva/jwt-go",
    "github.com/gorilla/mux",
    "github.com/gorilla/websocket",
    "github.com/kennygrant/sanitize",
    "github.com/longsleep/go-metrics/loggedwriter",
    "github.com/longsleep/go-metrics/timing",
    "github.com/mendsley/gojwk",
    "github.com/orcaman/concurrent-map",
    "github.com/rs/cors",
    "github.com/sirupsen/logrus",
    "github.com/spf13/cobra",
    "gopkg.in/yaml.v2",
    "stash.kopano.io/kc/libkcoidc",
    "stash.kopano.io/kgol/rndm",
  ]
  solver-name = "gps-cdcl"
  solver-version = 1
